{
  "name": "sketch-n-sketch-website",
  "version": "1.0.0",
  "lockfileVersion": 1,
  "requires": true,
  "dependencies": {
    "sketch-n-sketch": {
      "version": "1.0.22",
      "resolved": "https://registry.npmjs.org/sketch-n-sketch/-/sketch-n-sketch-1.0.22.tgz",
      "integrity": "sha512-ETtSQZMY9WhULGmIpilKV5JhV5PoJU/7Cdi9YeM1/rE46PT3jtRuogwVQYvHTQgRkekkpaUzOecuX7kmlYzRsQ=="
    }
  }
}
