{
  "name": "sketch-n-sketch-website",
  "version": "1.0.0",
  "lockfileVersion": 1,
  "requires": true,
  "dependencies": {
    "sketch-n-sketch": {
      "version": "1.1.1",
      "resolved": "https://registry.npmjs.org/sketch-n-sketch/-/sketch-n-sketch-1.1.1.tgz",
      "integrity": "sha512-yEyOqerEiYkiHGqyMSyHIql9KQqDiR6UNgz94vXi6BTnJomGZF+MfEj2IVBUglDTS0/JoEHetIZ0NjX/w75YDg=="
    }
  }
}
