{
  "name": "sketch-n-sketch-website",
  "version": "1.0.0",
  "lockfileVersion": 1,
  "requires": true,
  "dependencies": {
    "sketch-n-sketch": {
      "version": "1.0.26",
      "resolved": "https://registry.npmjs.org/sketch-n-sketch/-/sketch-n-sketch-1.0.26.tgz",
      "integrity": "sha512-85ho+jJzqwaSgUkhEn566CSF8+7YLEO+N4OAjo7EY4raPzLSL6c+E7FovAKP+/xfpB9hPIyunVgDX8XlIQahxQ=="
    }
  }
}
